
Microsoft Visual Studio Solution File, Format Version 12.00
# Visual Studio Version 16
VisualStudioVersion = 16.0.31129.286
MinimumVisualStudioVersion = 10.0.40219.1
Project("{FAE04EC0-301F-11D3-BF4B-00C04F79EFBC}") = "App", "Skillbox8\App.csproj", "{2A8EB234-D2E0-4119-BF59-DA53149C398D}"
EndProject
Project("{FAE04EC0-301F-11D3-BF4B-00C04F79EFBC}") = "Bot", "Bot\Bot.csproj", "{8180ADF8-E085-422C-AE13-1B558D748793}"
EndProject
Global
	GlobalSection(SolutionConfigurationPlatforms) = preSolution
		Debug|Any CPU = Debug|Any CPU
		Release|Any CPU = Release|Any CPU
	EndGlobalSection
	GlobalSection(ProjectConfigurationPlatforms) = postSolution
		{2A8EB234-D2E0-4119-BF59-DA53149C398D}.Debug|Any CPU.ActiveCfg = Debug|Any CPU
		{2A8EB234-D2E0-4119-BF59-DA53149C398D}.Debug|Any CPU.Build.0 = Debug|Any CPU
		{2A8EB234-D2E0-4119-BF59-DA53149C398D}.Release|Any CPU.ActiveCfg = Release|Any CPU
		{2A8EB234-D2E0-4119-BF59-DA53149C398D}.Release|Any CPU.Build.0 = Release|Any CPU
		{8180ADF8-E085-422C-AE13-1B558D748793}.Debug|Any CPU.ActiveCfg = Debug|Any CPU
		{8180ADF8-E085-422C-AE13-1B558D748793}.Debug|Any CPU.Build.0 = Debug|Any CPU
		{8180ADF8-E085-422C-AE13-1B558D748793}.Release|Any CPU.ActiveCfg = Release|Any CPU
		{8180ADF8-E085-422C-AE13-1B558D748793}.Release|Any CPU.Build.0 = Release|Any CPU
	EndGlobalSection
	GlobalSection(SolutionProperties) = preSolution
		HideSolutionNode = FALSE
	EndGlobalSection
	GlobalSection(ExtensibilityGlobals) = postSolution
		SolutionGuid = {CFF1582C-DE07-4631-B577-E56913BC7597}
	EndGlobalSection
EndGlobal
